// !$*UTF8*$!
{
	archiveVersion = 1;
	classes = {
	};
	objectVersion = 50;
	objects = {

/* Begin PBXBuildFile section */
		3DD1FDC2237000F80089D7A3 /* AppDelegate.swift in Sources */ = {isa = PBXBuildFile; fileRef = 3DD1FDC1237000F80089D7A3 /* AppDelegate.swift */; };
		3DD1FDC4237000F80089D7A3 /* ViewController.swift in Sources */ = {isa = PBXBuildFile; fileRef = 3DD1FDC3237000F80089D7A3 /* ViewController.swift */; };
		3DD1FDC9237000F80089D7A3 /* Main.storyboard in Resources */ = {isa = PBXBuildFile; fileRef = 3DD1FDC7237000F80089D7A3 /* Main.storyboard */; };
		3DD1FDCB237000FA0089D7A3 /* Assets.xcassets in Resources */ = {isa = PBXBuildFile; fileRef = 3DD1FDCA237000FA0089D7A3 /* Assets.xcassets */; };
		3DD1FDCE237000FA0089D7A3 /* LaunchScreen.storyboard in Resources */ = {isa = PBXBuildFile; fileRef = 3DD1FDCC237000FA0089D7A3 /* LaunchScreen.storyboard */; };
		3DD1FDD8237003410089D7A3 /* Toy.rcproject in Sources */ = {isa = PBXBuildFile; fileRef = 3DD1FDD7237003410089D7A3 /* Toy.rcproject */; };
		3DED825E237279F1009BFC30 /* toy_robot_vintage.usdz in Resources */ = {isa = PBXBuildFile; fileRef = 3DED825D237279F1009BFC30 /* toy_robot_vintage.usdz */; };
/* End PBXBuildFile section */

/* Begin PBXFileReference section */
		3DD1FDBE237000F80089D7A3 /* ToySoldier2.app */ = {isa = PBXFileReference; explicitFileType = wrapper.application; includeInIndex = 0; path = ToySoldier2.app; sourceTree = BUILT_PRODUCTS_DIR; };
		3DD1FDC1237000F80089D7A3 /* AppDelegate.swift */ = {isa = PBXFileReference; lastKnownFileType = sourcecode.swift; path = AppDelegate.swift; sourceTree = "<group>"; };
		3DD1FDC3237000F80089D7A3 /* ViewController.swift */ = {isa = PBXFileReference; lastKnownFileType = sourcecode.swift; path = ViewController.swift; sourceTree = "<group>"; };
		3DD1FDC8237000F80089D7A3 /* Base */ = {isa = PBXFileReference; lastKnownFileType = file.storyboard; name = Base; path = Base.lproj/Main.storyboard; sourceTree = "<group>"; };
		3DD1FDCA237000FA0089D7A3 /* Assets.xcassets */ = {isa = PBXFileReference; lastKnownFileType = folder.assetcatalog; path = Assets.xcassets; sourceTree = "<group>"; };
		3DD1FDCD237000FA0089D7A3 /* Base */ = {isa = PBXFileReference; lastKnownFileType = file.storyboard; name = Base; path = Base.lproj/LaunchScreen.storyboard; sourceTree = "<group>"; };
		3DD1FDCF237000FA0089D7A3 /* Info.plist */ = {isa = PBXFileReference; lastKnownFileType = text.plist.xml; path = Info.plist; sourceTree = "<group>"; };
		3DD1FDD7237003410089D7A3 /* Toy.rcproject */ = {isa = PBXFileReference; lastKnownFileType = file.rcproject; path = Toy.rcproject; sourceTree = "<group>"; };
		3DED825D237279F1009BFC30 /* toy_robot_vintage.usdz */ = {isa = PBXFileReference; lastKnownFileType = file.usdz; path = toy_robot_vintage.usdz; sourceTree = "<group>"; };
/* End PBXFileReference section */

/* Begin PBXFrameworksBuildPhase section */
		3DD1FDBB237000F80089D7A3 /* Frameworks */ = {
			isa = PBXFrameworksBuildPhase;
			buildActionMask = 2147483647;
			files = (
			);
			runOnlyForDeploymentPostprocessing = 0;
		};
/* End PBXFrameworksBuildPhase section */

/* Begin PBXGroup section */
		3DD1FDB5237000F80089D7A3 = {
			isa = PBXGroup;
			children = (
				3DD1FDC0237000F80089D7A3 /* ToySoldier2 */,
				3DD1FDBF237000F80089D7A3 /* Products */,
			);
			sourceTree = "<group>";
		};
		3DD1FDBF237000F80089D7A3 /* Products */ = {
			isa = PBXGroup;
			children = (
				3DD1FDBE237000F80089D7A3 /* ToySoldier2.app */,
			);
			name = Products;
			sourceTree = "<group>";
		};
		3DD1FDC0237000F80089D7A3 /* ToySoldier2 */ = {
			isa = PBXGroup;
			children = (
				3DED825D237279F1009BFC30 /* toy_robot_vintage.usdz */,
				3DD1FDC1237000F80089D7A3 /* AppDelegate.swift */,
				3DD1FDC3237000F80089D7A3 /* ViewController.swift */,
				3DD1FDC7237000F80089D7A3 /* Main.storyboard */,
				3DD1FDCA237000FA0089D7A3 /* Assets.xcassets */,
				3DD1FDCC237000FA0089D7A3 /* LaunchScreen.storyboard */,
				3DD1FDCF237000FA0089D7A3 /* Info.plist */,
				3DD1FDD7237003410089D7A3 /* Toy.rcproject */,
			);
			path = ToySoldier2;
			sourceTree = "<group>";
		};
/* End PBXGroup section */

/* Begin PBXNativeTarget section */
		3DD1FDBD237000F80089D7A3 /* ToySoldier2 */ = {
			isa = PBXNativeTarget;
			buildConfigurationList = 3DD1FDD2237000FA0089D7A3 /* Build configuration list for PBXNativeTarget "ToySoldier2" */;
			buildPhases = (
				3DD1FDBA237000F80089D7A3 /* Sources */,
				3DD1FDBB237000F80089D7A3 /* Frameworks */,
				3DD1FDBC237000F80089D7A3 /* Resources */,
			);
			buildRules = (
			);
			dependencies = (
			);
			name = ToySoldier2;
			productName = ToySoldier2;
			productReference = 3DD1FDBE237000F80089D7A3 /* ToySoldier2.app */;
			productType = "com.apple.product-type.application";
		};
/* End PBXNativeTarget section */

/* Begin PBXProject section */
		3DD1FDB6237000F80089D7A3 /* Project object */ = {
			isa = PBXProject;
			attributes = {
				LastSwiftUpdateCheck = 1120;
				LastUpgradeCheck = 1120;
				ORGANIZATIONNAME = "Craig Larson";
				TargetAttributes = {
					3DD1FDBD237000F80089D7A3 = {
						CreatedOnToolsVersion = 11.2;
					};
				};
			};
			buildConfigurationList = 3DD1FDB9237000F80089D7A3 /* Build configuration list for PBXProject "ToySoldier2" */;
			compatibilityVersion = "Xcode 9.3";
			developmentRegion = en;
			hasScannedForEncodings = 0;
			knownRegions = (
				en,
				Base,
			);
			mainGroup = 3DD1FDB5237000F80089D7A3;
			productRefGroup = 3DD1FDBF237000F80089D7A3 /* Products */;
			projectDirPath = "";
			projectRoot = "";
			targets = (
				3DD1FDBD237000F80089D7A3 /* ToySoldier2 */,
			);
		};
/* End PBXProject section */

/* Begin PBXResourcesBuildPhase section */
		3DD1FDBC237000F80089D7A3 /* Resources */ = {
			isa = PBXResourcesBuildPhase;
			buildActionMask = 2147483647;
			files = (
				3DED825E237279F1009BFC30 /* toy_robot_vintage.usdz in Resources */,
				3DD1FDCE237000FA0089D7A3 /* LaunchScreen.storyboard in Resources */,
				3DD1FDCB237000FA0089D7A3 /* Assets.xcassets in Resources */,
				3DD1FDC9237000F80089D7A3 /* Main.storyboard in Resources */,
			);
			runOnlyForDeploymentPostprocessing = 0;
		};
/* End PBXResourcesBuildPhase section */

/* Begin PBXSourcesBuildPhase section */
		3DD1FDBA237000F80089D7A3 /* Sources */ = {
			isa = PBXSourcesBuildPhase;
			buildActionMask = 2147483647;
			files = (
				3DD1FDC4237000F80089D7A3 /* ViewController.swift in Sources */,
				3DD1FDD8237003410089D7A3 /* Toy.rcproject in Sources */,
				3DD1FDC2237000F80089D7A3 /* AppDelegate.swift in Sources */,
			);
			runOnlyForDeploymentPostprocessing = 0;
		};
/* End PBXSourcesBuildPhase section */

/* Begin PBXVariantGroup section */
		3DD1FDC7237000F80089D7A3 /* Main.storyboard */ = {
			isa = PBXVariantGroup;
			children = (
				3DD1FDC8237000F80089D7A3 /* Base */,
			);
			name = Main.storyboard;
			sourceTree = "<group>";
		};
		3DD1FDCC237000FA0089D7A3 /* LaunchScreen.storyboard */ = {
			isa = PBXVariantGroup;
			children = (
				3DD1FDCD237000FA0089D7A3 /* Base */,
			);
			name = LaunchScreen.storyboard;
			sourceTree = "<group>";
		};
/* End PBXVariantGroup section */

/* Begin XCBuildConfiguration section */
		3DD1FDD0237000FA0089D7A3 /* Debug */ = {
			isa = XCBuildConfiguration;
			buildSettings = {
				ALWAYS_SEARCH_USER_PATHS = NO;
				CLANG_ANALYZER_NONNULL = YES;
				CLANG_ANALYZER_NUMBER_OBJECT_CONVERSION = YES_AGGRESSIVE;
				CLANG_CXX_LANGUAGE_STANDARD = "gnu++14";
				CLANG_CXX_LIBRARY = "libc++";
				CLANG_ENABLE_MODULES = YES;
				CLANG_ENABLE_OBJC_ARC = YES;
				CLANG_ENABLE_OBJC_WEAK = YES;
				CLANG_WARN_BLOCK_CAPTURE_AUTORELEASING = YES;
				CLANG_WARN_BOOL_CONVERSION = YES;
				CLANG_WARN_COMMA = YES;
				CLANG_WARN_CONSTANT_CONVERSION = YES;
				CLANG_WARN_DEPRECATED_OBJC_IMPLEMENTATIONS = YES;
				CLANG_WARN_DIRECT_OBJC_ISA_USAGE = YES_ERROR;
				CLANG_WARN_DOCUMENTATION_COMMENTS = YES;
				CLANG_WARN_EMPTY_BODY = YES;
				CLANG_WARN_ENUM_CONVERSION = YES;
				CLANG_WARN_INFINITE_RECURSION = YES;
				CLANG_WARN_INT_CONVERSION = YES;
				CLANG_WARN_NON_LITERAL_NULL_CONVERSION = YES;
				CLANG_WARN_OBJC_IMPLICIT_RETAIN_SELF = YES;
				CLANG_WARN_OBJC_LITERAL_CONVERSION = YES;
				CLANG_WARN_OBJC_ROOT_CLASS = YES_ERROR;
				CLANG_WARN_RANGE_LOOP_ANALYSIS = YES;
				CLANG_WARN_STRICT_PROTOTYPES = YES;
				CLANG_WARN_SUSPICIOUS_MOVE = YES;
				CLANG_WARN_UNGUARDED_AVAILABILITY = YES_AGGRESSIVE;
				CLANG_WARN_UNREACHABLE_CODE = YES;
				CLANG_WARN__DUPLICATE_METHOD_MATCH = YES;
				COPY_PHASE_STRIP = NO;
				DEBUG_INFORMATION_FORMAT = dwarf;
				ENABLE_STRICT_OBJC_MSGSEND = YES;
				ENABLE_TESTABILITY = YES;
				GCC_C_LANGUAGE_STANDARD = gnu11;
				GCC_DYNAMIC_NO_PIC = NO;
				GCC_NO_COMMON_BLOCKS = YES;
				GCC_OPTIMIZATION_LEVEL = 0;
				GCC_PREPROCESSOR_DEFINITIONS = (
					"DEBUG=1",
					"$(inherited)",
				);
				GCC_WARN_64_TO_32_BIT_CONVERSION = YES;
				GCC_WARN_ABOUT_RETURN_TYPE = YES_ERROR;
				GCC_WARN_UNDECLARED_SELECTOR = YES;
				GCC_WARN_UNINITIALIZED_AUTOS = YES_AGGRESSIVE;
				GCC_WARN_UNUSED_FUNCTION = YES;
				GCC_WARN_UNUSED_VARIABLE = YES;
				IPHONEOS_DEPLOYMENT_TARGET = 13.2;
				MTL_ENABLE_DEBUG_INFO = INCLUDE_SOURCE;
				MTL_FAST_MATH = YES;
				ONLY_ACTIVE_ARCH = YES;
				SDKROOT = iphoneos;
				SWIFT_ACTIVE_COMPILATION_CONDITIONS = DEBUG;
				SWIFT_OPTIMIZATION_LEVEL = "-Onone";
			};
			name = Debug;
		};
		3DD1FDD1237000FA0089D7A3 /* Release */ = {
			isa = XCBuildConfiguration;
			buildSettings = {
				ALWAYS_SEARCH_USER_PATHS = NO;
				CLANG_ANALYZER_NONNULL = YES;
				CLANG_ANALYZER_NUMBER_OBJECT_CONVERSION = YES_AGGRESSIVE;
				CLANG_CXX_LANGUAGE_STANDARD = "gnu++14";
				CLANG_CXX_LIBRARY = "libc++";
				CLANG_ENABLE_MODULES = YES;
				CLANG_ENABLE_OBJC_ARC = YES;
				CLANG_ENABLE_OBJC_WEAK = YES;
				CLANG_WARN_BLOCK_CAPTURE_AUTORELEASING = YES;
				CLANG_WARN_BOOL_CONVERSION = YES;
				CLANG_WARN_COMMA = YES;
				CLANG_WARN_CONSTANT_CONVERSION = YES;
				CLANG_WARN_DEPRECATED_OBJC_IMPLEMENTATIONS = YES;
				CLANG_WARN_DIRECT_OBJC_ISA_USAGE = YES_ERROR;
				CLANG_WARN_DOCUMENTATION_COMMENTS = YES;
				CLANG_WARN_EMPTY_BODY = YES;
				CLANG_WARN_ENUM_CONVERSION = YES;
				CLANG_WARN_INFINITE_RECURSION = YES;
				CLANG_WARN_INT_CONVERSION = YES;
				CLANG_WARN_NON_LITERAL_NULL_CONVERSION = YES;
				CLANG_WARN_OBJC_IMPLICIT_RETAIN_SELF = YES;
				CLANG_WARN_OBJC_LITERAL_CONVERSION = YES;
				CLANG_WARN_OBJC_ROOT_CLASS = YES_ERROR;
				CLANG_WARN_RANGE_LOOP_ANALYSIS = YES;
				CLANG_WARN_STRICT_PROTOTYPES = YES;
				CLANG_WARN_SUSPICIOUS_MOVE = YES;
				CLANG_WARN_UNGUARDED_AVAILABILITY = YES_AGGRESSIVE;
				CLANG_WARN_UNREACHABLE_CODE = YES;
				CLANG_WARN__DUPLICATE_METHOD_MATCH = YES;
				COPY_PHASE_STRIP = NO;
				DEBUG_INFORMATION_FORMAT = "dwarf-with-dsym";
				ENABLE_NS_ASSERTIONS = NO;
				ENABLE_STRICT_OBJC_MSGSEND = YES;
				GCC_C_LANGUAGE_STANDARD = gnu11;
				GCC_NO_COMMON_BLOCKS = YES;
				GCC_WARN_64_TO_32_BIT_CONVERSION = YES;
				GCC_WARN_ABOUT_RETURN_TYPE = YES_ERROR;
				GCC_WARN_UNDECLARED_SELECTOR = YES;
				GCC_WARN_UNINITIALIZED_AUTOS = YES_AGGRESSIVE;
				GCC_WARN_UNUSED_FUNCTION = YES;
				GCC_WARN_UNUSED_VARIABLE = YES;
				IPHONEOS_DEPLOYMENT_TARGET = 13.2;
				MTL_ENABLE_DEBUG_INFO = NO;
				MTL_FAST_MATH = YES;
				SDKROOT = iphoneos;
				SWIFT_COMPILATION_MODE = wholemodule;
				SWIFT_OPTIMIZATION_LEVEL = "-O";
				VALIDATE_PRODUCT = YES;
			};
			name = Release;
		};
		3DD1FDD3237000FA0089D7A3 /* Debug */ = {
			isa = XCBuildConfiguration;
			buildSettings = {
				ASSETCATALOG_COMPILER_APPICON_NAME = AppIcon;
				CODE_SIGN_STYLE = Automatic;
				DEVELOPMENT_TEAM = V2KVN7L6NJ;
				INFOPLIST_FILE = ToySoldier2/Info.plist;
				LD_RUNPATH_SEARCH_PATHS = (
					"$(inherited)",
					"@executable_path/Frameworks",
				);
				PRODUCT_BUNDLE_IDENTIFIER = com.craiglarsonsoftware.ToySoldier2;
				PRODUCT_NAME = "$(TARGET_NAME)";
				SWIFT_VERSION = 5.0;
				TARGETED_DEVICE_FAMILY = "1,2";
			};
			name = Debug;
		};
		3DD1FDD4237000FA0089D7A3 /* Release */ = {
			isa = XCBuildConfiguration;
			buildSettings = {
				ASSETCATALOG_COMPILER_APPICON_NAME = AppIcon;
				CODE_SIGN_STYLE = Automatic;
				DEVELOPMENT_TEAM = V2KVN7L6NJ;
				INFOPLIST_FILE = ToySoldier2/Info.plist;
				LD_RUNPATH_SEARCH_PATHS = (
					"$(inherited)",
					"@executable_path/Frameworks",
				);
				PRODUCT_BUNDLE_IDENTIFIER = com.craiglarsonsoftware.ToySoldier2;
				PRODUCT_NAME = "$(TARGET_NAME)";
				SWIFT_VERSION = 5.0;
				TARGETED_DEVICE_FAMILY = "1,2";
			};
			name = Release;
		};
/* End XCBuildConfiguration section */

/* Begin XCConfigurationList section */
		3DD1FDB9237000F80089D7A3 /* Build configuration list for PBXProject "ToySoldier2" */ = {
			isa = XCConfigurationList;
			buildConfigurations = (
				3DD1FDD0237000FA0089D7A3 /* Debug */,
				3DD1FDD1237000FA0089D7A3 /* Release */,
			);
			defaultConfigurationIsVisible = 0;
			defaultConfigurationName = Release;
		};
		3DD1FDD2237000FA0089D7A3 /* Build configuration list for PBXNativeTarget "ToySoldier2" */ = {
			isa = XCConfigurationList;
			buildConfigurations = (
				3DD1FDD3237000FA0089D7A3 /* Debug */,
				3DD1FDD4237000FA0089D7A3 /* Release */,
			);
			defaultConfigurationIsVisible = 0;
			defaultConfigurationName = Release;
		};
/* End XCConfigurationList section */
	};
	rootObject = 3DD1FDB6237000F80089D7A3 /* Project object */;
}
